// !$*UTF8*$!
{
	archiveVersion = 1;
	classes = {
	};
	objectVersion = 50;
	objects = {

/* Begin PBXBuildFile section */
		9F7A7272207C498C0053BE7F /* AppDelegate.m in Sources */ = {isa = PBXBuildFile; fileRef = 9F7A7271207C498C0053BE7F /* AppDelegate.m */; };
		9F7A7275207C498C0053BE7F /* ViewController.m in Sources */ = {isa = PBXBuildFile; fileRef = 9F7A7274207C498C0053BE7F /* ViewController.m */; };
		9F7A7278207C498C0053BE7F /* Main.storyboard in Resources */ = {isa = PBXBuildFile; fileRef = 9F7A7276207C498C0053BE7F /* Main.storyboard */; };
		9F7A727A207C498E0053BE7F /* Assets.xcassets in Resources */ = {isa = PBXBuildFile; fileRef = 9F7A7279207C498E0053BE7F /* Assets.xcassets */; };
		9F7A727D207C498E0053BE7F /* LaunchScreen.storyboard in Resources */ = {isa = PBXBuildFile; fileRef = 9F7A727B207C498E0053BE7F /* LaunchScreen.storyboard */; };
		9F7A7280207C498E0053BE7F /* main.m in Sources */ = {isa = PBXBuildFile; fileRef = 9F7A727F207C498E0053BE7F /* main.m */; };
		9F7A728A207C498E0053BE7F /* SJLineChartDemoTests.m in Sources */ = {isa = PBXBuildFile; fileRef = 9F7A7289207C498E0053BE7F /* SJLineChartDemoTests.m */; };
		9F7A7295207C498E0053BE7F /* SJLineChartDemoUITests.m in Sources */ = {isa = PBXBuildFile; fileRef = 9F7A7294207C498E0053BE7F /* SJLineChartDemoUITests.m */; };
		9F7A72AD207C49DE0053BE7F /* SJLineChartContentView.m in Sources */ = {isa = PBXBuildFile; fileRef = 9F7A72A3207C49DE0053BE7F /* SJLineChartContentView.m */; };
		9F7A72AE207C49DE0053BE7F /* SJLineChartTools.m in Sources */ = {isa = PBXBuildFile; fileRef = 9F7A72A6207C49DE0053BE7F /* SJLineChartTools.m */; };
		9F7A72AF207C49DE0053BE7F /* SJLinePointItem.m in Sources */ = {isa = PBXBuildFile; fileRef = 9F7A72A8207C49DE0053BE7F /* SJLinePointItem.m */; };
		9F7A72B0207C49DE0053BE7F /* UIView+SJLineChart.m in Sources */ = {isa = PBXBuildFile; fileRef = 9F7A72AA207C49DE0053BE7F /* UIView+SJLineChart.m */; };
		9F7A72B1207C49DE0053BE7F /* SJLineChartView.m in Sources */ = {isa = PBXBuildFile; fileRef = 9F7A72AC207C49DE0053BE7F /* SJLineChartView.m */; };
		9F7A72B4207C4BEF0053BE7F /* UIKit.framework in Frameworks */ = {isa = PBXBuildFile; fileRef = 9F7A72B3207C4BEE0053BE7F /* UIKit.framework */; };
/* End PBXBuildFile section */

/* Begin PBXContainerItemProxy section */
		9F7A7286207C498E0053BE7F /* PBXContainerItemProxy */ = {
			isa = PBXContainerItemProxy;
			containerPortal = 9F7A7265207C498C0053BE7F /* Project object */;
			proxyType = 1;
			remoteGlobalIDString = 9F7A726C207C498C0053BE7F;
			remoteInfo = SJLineChartDemo;
		};
		9F7A7291207C498E0053BE7F /* PBXContainerItemProxy */ = {
			isa = PBXContainerItemProxy;
			containerPortal = 9F7A7265207C498C0053BE7F /* Project object */;
			proxyType = 1;
			remoteGlobalIDString = 9F7A726C207C498C0053BE7F;
			remoteInfo = SJLineChartDemo;
		};
/* End PBXContainerItemProxy section */

/* Begin PBXFileReference section */
		9F7A726D207C498C0053BE7F /* SJLineChartDemo.app */ = {isa = PBXFileReference; explicitFileType = wrapper.application; includeInIndex = 0; path = SJLineChartDemo.app; sourceTree = BUILT_PRODUCTS_DIR; };
		9F7A7270207C498C0053BE7F /* AppDelegate.h */ = {isa = PBXFileReference; lastKnownFileType = sourcecode.c.h; path = AppDelegate.h; sourceTree = "<group>"; };
		9F7A7271207C498C0053BE7F /* AppDelegate.m */ = {isa = PBXFileReference; lastKnownFileType = sourcecode.c.objc; path = AppDelegate.m; sourceTree = "<group>"; };
		9F7A7273207C498C0053BE7F /* ViewController.h */ = {isa = PBXFileReference; lastKnownFileType = sourcecode.c.h; path = ViewController.h; sourceTree = "<group>"; };
		9F7A7274207C498C0053BE7F /* ViewController.m */ = {isa = PBXFileReference; lastKnownFileType = sourcecode.c.objc; path = ViewController.m; sourceTree = "<group>"; };
		9F7A7277207C498C0053BE7F /* Base */ = {isa = PBXFileReference; lastKnownFileType = file.storyboard; name = Base; path = Base.lproj/Main.storyboard; sourceTree = "<group>"; };
		9F7A7279207C498E0053BE7F /* Assets.xcassets */ = {isa = PBXFileReference; lastKnownFileType = folder.assetcatalog; path = Assets.xcassets; sourceTree = "<group>"; };
		9F7A727C207C498E0053BE7F /* Base */ = {isa = PBXFileReference; lastKnownFileType = file.storyboard; name = Base; path = Base.lproj/LaunchScreen.storyboard; sourceTree = "<group>"; };
		9F7A727E207C498E0053BE7F /* Info.plist */ = {isa = PBXFileReference; lastKnownFileType = text.plist.xml; path = Info.plist; sourceTree = "<group>"; };
		9F7A727F207C498E0053BE7F /* main.m */ = {isa = PBXFileReference; lastKnownFileType = sourcecode.c.objc; path = main.m; sourceTree = "<group>"; };
		9F7A7285207C498E0053BE7F /* SJLineChartDemoTests.xctest */ = {isa = PBXFileReference; explicitFileType = wrapper.cfbundle; includeInIndex = 0; path = SJLineChartDemoTests.xctest; sourceTree = BUILT_PRODUCTS_DIR; };
		9F7A7289207C498E0053BE7F /* SJLineChartDemoTests.m */ = {isa = PBXFileReference; lastKnownFileType = sourcecode.c.objc; path = SJLineChartDemoTests.m; sourceTree = "<group>"; };
		9F7A728B207C498E0053BE7F /* Info.plist */ = {isa = PBXFileReference; lastKnownFileType = text.plist.xml; path = Info.plist; sourceTree = "<group>"; };
		9F7A7290207C498E0053BE7F /* SJLineChartDemoUITests.xctest */ = {isa = PBXFileReference; explicitFileType = wrapper.cfbundle; includeInIndex = 0; path = SJLineChartDemoUITests.xctest; sourceTree = BUILT_PRODUCTS_DIR; };
		9F7A7294207C498E0053BE7F /* SJLineChartDemoUITests.m */ = {isa = PBXFileReference; lastKnownFileType = sourcecode.c.objc; path = SJLineChartDemoUITests.m; sourceTree = "<group>"; };
		9F7A7296207C498F0053BE7F /* Info.plist */ = {isa = PBXFileReference; lastKnownFileType = text.plist.xml; path = Info.plist; sourceTree = "<group>"; };
		9F7A72A3207C49DE0053BE7F /* SJLineChartContentView.m */ = {isa = PBXFileReference; fileEncoding = 4; lastKnownFileType = sourcecode.c.objc; path = SJLineChartContentView.m; sourceTree = "<group>"; };
		9F7A72A4207C49DE0053BE7F /* SJLinePointItem.h */ = {isa = PBXFileReference; fileEncoding = 4; lastKnownFileType = sourcecode.c.h; path = SJLinePointItem.h; sourceTree = "<group>"; };
		9F7A72A5207C49DE0053BE7F /* SJLineChartView.h */ = {isa = PBXFileReference; fileEncoding = 4; lastKnownFileType = sourcecode.c.h; path = SJLineChartView.h; sourceTree = "<group>"; };
		9F7A72A6207C49DE0053BE7F /* SJLineChartTools.m */ = {isa = PBXFileReference; fileEncoding = 4; lastKnownFileType = sourcecode.c.objc; path = SJLineChartTools.m; sourceTree = "<group>"; };
		9F7A72A7207C49DE0053BE7F /* UIView+SJLineChart.h */ = {isa = PBXFileReference; fileEncoding = 4; lastKnownFileType = sourcecode.c.h; path = "UIView+SJLineChart.h"; sourceTree = "<group>"; };
		9F7A72A8207C49DE0053BE7F /* SJLinePointItem.m */ = {isa = PBXFileReference; fileEncoding = 4; lastKnownFileType = sourcecode.c.objc; path = SJLinePointItem.m; sourceTree = "<group>"; };
		9F7A72A9207C49DE0053BE7F /* SJLineChartContentView.h */ = {isa = PBXFileReference; fileEncoding = 4; lastKnownFileType = sourcecode.c.h; path = SJLineChartContentView.h; sourceTree = "<group>"; };
		9F7A72AA207C49DE0053BE7F /* UIView+SJLineChart.m */ = {isa = PBXFileReference; fileEncoding = 4; lastKnownFileType = sourcecode.c.objc; path = "UIView+SJLineChart.m"; sourceTree = "<group>"; };
		9F7A72AB207C49DE0053BE7F /* SJLineChartTools.h */ = {isa = PBXFileReference; fileEncoding = 4; lastKnownFileType = sourcecode.c.h; path = SJLineChartTools.h; sourceTree = "<group>"; };
		9F7A72AC207C49DE0053BE7F /* SJLineChartView.m */ = {isa = PBXFileReference; fileEncoding = 4; lastKnownFileType = sourcecode.c.objc; path = SJLineChartView.m; sourceTree = "<group>"; };
		9F7A72B3207C4BEE0053BE7F /* UIKit.framework */ = {isa = PBXFileReference; lastKnownFileType = wrapper.framework; name = UIKit.framework; path = System/Library/Frameworks/UIKit.framework; sourceTree = SDKROOT; };
/* End PBXFileReference section */

/* Begin PBXFrameworksBuildPhase section */
		9F7A726A207C498C0053BE7F /* Frameworks */ = {
			isa = PBXFrameworksBuildPhase;
			buildActionMask = 2147483647;
			files = (
				9F7A72B4207C4BEF0053BE7F /* UIKit.framework in Frameworks */,
			);
			runOnlyForDeploymentPostprocessing = 0;
		};
		9F7A7282207C498E0053BE7F /* Frameworks */ = {
			isa = PBXFrameworksBuildPhase;
			buildActionMask = 2147483647;
			files = (
			);
			runOnlyForDeploymentPostprocessing = 0;
		};
		9F7A728D207C498E0053BE7F /* Frameworks */ = {
			isa = PBXFrameworksBuildPhase;
			buildActionMask = 2147483647;
			files = (
			);
			runOnlyForDeploymentPostprocessing = 0;
		};
/* End PBXFrameworksBuildPhase section */

/* Begin PBXGroup section */
		9F7A7264207C498C0053BE7F = {
			isa = PBXGroup;
			children = (
				9F7A72A2207C49DE0053BE7F /* SJLineChart */,
				9F7A726F207C498C0053BE7F /* SJLineChartDemo */,
				9F7A7288207C498E0053BE7F /* SJLineChartDemoTests */,
				9F7A7293207C498E0053BE7F /* SJLineChartDemoUITests */,
				9F7A726E207C498C0053BE7F /* Products */,
				9F7A72B2207C4BEE0053BE7F /* Frameworks */,
			);
			sourceTree = "<group>";
		};
		9F7A726E207C498C0053BE7F /* Products */ = {
			isa = PBXGroup;
			children = (
				9F7A726D207C498C0053BE7F /* SJLineChartDemo.app */,
				9F7A7285207C498E0053BE7F /* SJLineChartDemoTests.xctest */,
				9F7A7290207C498E0053BE7F /* SJLineChartDemoUITests.xctest */,
			);
			name = Products;
			sourceTree = "<group>";
		};
		9F7A726F207C498C0053BE7F /* SJLineChartDemo */ = {
			isa = PBXGroup;
			children = (
				9F7A7270207C498C0053BE7F /* AppDelegate.h */,
				9F7A7271207C498C0053BE7F /* AppDelegate.m */,
				9F7A7273207C498C0053BE7F /* ViewController.h */,
				9F7A7274207C498C0053BE7F /* ViewController.m */,
				9F7A7276207C498C0053BE7F /* Main.storyboard */,
				9F7A7279207C498E0053BE7F /* Assets.xcassets */,
				9F7A727B207C498E0053BE7F /* LaunchScreen.storyboard */,
				9F7A727E207C498E0053BE7F /* Info.plist */,
				9F7A727F207C498E0053BE7F /* main.m */,
			);
			path = SJLineChartDemo;
			sourceTree = "<group>";
		};
		9F7A7288207C498E0053BE7F /* SJLineChartDemoTests */ = {
			isa = PBXGroup;
			children = (
				9F7A7289207C498E0053BE7F /* SJLineChartDemoTests.m */,
				9F7A728B207C498E0053BE7F /* Info.plist */,
			);
			path = SJLineChartDemoTests;
			sourceTree = "<group>";
		};
		9F7A7293207C498E0053BE7F /* SJLineChartDemoUITests */ = {
			isa = PBXGroup;
			children = (
				9F7A7294207C498E0053BE7F /* SJLineChartDemoUITests.m */,
				9F7A7296207C498F0053BE7F /* Info.plist */,
			);
			path = SJLineChartDemoUITests;
			sourceTree = "<group>";
		};
		9F7A72A2207C49DE0053BE7F /* SJLineChart */ = {
			isa = PBXGroup;
			children = (
				9F7A72A3207C49DE0053BE7F /* SJLineChartContentView.m */,
				9F7A72A9207C49DE0053BE7F /* SJLineChartContentView.h */,
				9F7A72A4207C49DE0053BE7F /* SJLinePointItem.h */,
				9F7A72A8207C49DE0053BE7F /* SJLinePointItem.m */,
				9F7A72A5207C49DE0053BE7F /* SJLineChartView.h */,
				9F7A72AC207C49DE0053BE7F /* SJLineChartView.m */,
				9F7A72A6207C49DE0053BE7F /* SJLineChartTools.m */,
				9F7A72AB207C49DE0053BE7F /* SJLineChartTools.h */,
				9F7A72A7207C49DE0053BE7F /* UIView+SJLineChart.h */,
				9F7A72AA207C49DE0053BE7F /* UIView+SJLineChart.m */,
			);
			path = SJLineChart;
			sourceTree = "<group>";
		};
		9F7A72B2207C4BEE0053BE7F /* Frameworks */ = {
			isa = PBXGroup;
			children = (
				9F7A72B3207C4BEE0053BE7F /* UIKit.framework */,
			);
			name = Frameworks;
			sourceTree = "<group>";
		};
/* End PBXGroup section */

/* Begin PBXNativeTarget section */
		9F7A726C207C498C0053BE7F /* SJLineChartDemo */ = {
			isa = PBXNativeTarget;
			buildConfigurationList = 9F7A7299207C498F0053BE7F /* Build configuration list for PBXNativeTarget "SJLineChartDemo" */;
			buildPhases = (
				9F7A7269207C498C0053BE7F /* Sources */,
				9F7A726A207C498C0053BE7F /* Frameworks */,
				9F7A726B207C498C0053BE7F /* Resources */,
			);
			buildRules = (
			);
			dependencies = (
			);
			name = SJLineChartDemo;
			productName = SJLineChartDemo;
			productReference = 9F7A726D207C498C0053BE7F /* SJLineChartDemo.app */;
			productType = "com.apple.product-type.application";
		};
		9F7A7284207C498E0053BE7F /* SJLineChartDemoTests */ = {
			isa = PBXNativeTarget;
			buildConfigurationList = 9F7A729C207C498F0053BE7F /* Build configuration list for PBXNativeTarget "SJLineChartDemoTests" */;
			buildPhases = (
				9F7A7281207C498E0053BE7F /* Sources */,
				9F7A7282207C498E0053BE7F /* Frameworks */,
				9F7A7283207C498E0053BE7F /* Resources */,
			);
			buildRules = (
			);
			dependencies = (
				9F7A7287207C498E0053BE7F /* PBXTargetDependency */,
			);
			name = SJLineChartDemoTests;
			productName = SJLineChartDemoTests;
			productReference = 9F7A7285207C498E0053BE7F /* SJLineChartDemoTests.xctest */;
			productType = "com.apple.product-type.bundle.unit-test";
		};
		9F7A728F207C498E0053BE7F /* SJLineChartDemoUITests */ = {
			isa = PBXNativeTarget;
			buildConfigurationList = 9F7A729F207C498F0053BE7F /* Build configuration list for PBXNativeTarget "SJLineChartDemoUITests" */;
			buildPhases = (
				9F7A728C207C498E0053BE7F /* Sources */,
				9F7A728D207C498E0053BE7F /* Frameworks */,
				9F7A728E207C498E0053BE7F /* Resources */,
			);
			buildRules = (
			);
			dependencies = (
				9F7A7292207C498E0053BE7F /* PBXTargetDependency */,
			);
			name = SJLineChartDemoUITests;
			productName = SJLineChartDemoUITests;
			productReference = 9F7A7290207C498E0053BE7F /* SJLineChartDemoUITests.xctest */;
			productType = "com.apple.product-type.bundle.ui-testing";
		};
/* End PBXNativeTarget section */

/* Begin PBXProject section */
		9F7A7265207C498C0053BE7F /* Project object */ = {
			isa = PBXProject;
			attributes = {
				LastUpgradeCheck = 0930;
				ORGANIZATIONNAME = "沈骏";
				TargetAttributes = {
					9F7A726C207C498C0053BE7F = {
						CreatedOnToolsVersion = 9.3;
					};
					9F7A7284207C498E0053BE7F = {
						CreatedOnToolsVersion = 9.3;
						TestTargetID = 9F7A726C207C498C0053BE7F;
					};
					9F7A728F207C498E0053BE7F = {
						CreatedOnToolsVersion = 9.3;
						TestTargetID = 9F7A726C207C498C0053BE7F;
					};
				};
			};
			buildConfigurationList = 9F7A7268207C498C0053BE7F /* Build configuration list for PBXProject "SJLineChartDemo" */;
			compatibilityVersion = "Xcode 9.3";
			developmentRegion = en;
			hasScannedForEncodings = 0;
			knownRegions = (
				en,
				Base,
			);
			mainGroup = 9F7A7264207C498C0053BE7F;
			productRefGroup = 9F7A726E207C498C0053BE7F /* Products */;
			projectDirPath = "";
			projectRoot = "";
			targets = (
				9F7A726C207C498C0053BE7F /* SJLineChartDemo */,
				9F7A7284207C498E0053BE7F /* SJLineChartDemoTests */,
				9F7A728F207C498E0053BE7F /* SJLineChartDemoUITests */,
			);
		};
/* End PBXProject section */

/* Begin PBXResourcesBuildPhase section */
		9F7A726B207C498C0053BE7F /* Resources */ = {
			isa = PBXResourcesBuildPhase;
			buildActionMask = 2147483647;
			files = (
				9F7A727D207C498E0053BE7F /* LaunchScreen.storyboard in Resources */,
				9F7A727A207C498E0053BE7F /* Assets.xcassets in Resources */,
				9F7A7278207C498C0053BE7F /* Main.storyboard in Resources */,
			);
			runOnlyForDeploymentPostprocessing = 0;
		};
		9F7A7283207C498E0053BE7F /* Resources */ = {
			isa = PBXResourcesBuildPhase;
			buildActionMask = 2147483647;
			files = (
			);
			runOnlyForDeploymentPostprocessing = 0;
		};
		9F7A728E207C498E0053BE7F /* Resources */ = {
			isa = PBXResourcesBuildPhase;
			buildActionMask = 2147483647;
			files = (
			);
			runOnlyForDeploymentPostprocessing = 0;
		};
/* End PBXResourcesBuildPhase section */

/* Begin PBXSourcesBuildPhase section */
		9F7A7269207C498C0053BE7F /* Sources */ = {
			isa = PBXSourcesBuildPhase;
			buildActionMask = 2147483647;
			files = (
				9F7A72AF207C49DE0053BE7F /* SJLinePointItem.m in Sources */,
				9F7A72B0207C49DE0053BE7F /* UIView+SJLineChart.m in Sources */,
				9F7A72AD207C49DE0053BE7F /* SJLineChartContentView.m in Sources */,
				9F7A72AE207C49DE0053BE7F /* SJLineChartTools.m in Sources */,
				9F7A7275207C498C0053BE7F /* ViewController.m in Sources */,
				9F7A7280207C498E0053BE7F /* main.m in Sources */,
				9F7A72B1207C49DE0053BE7F /* SJLineChartView.m in Sources */,
				9F7A7272207C498C0053BE7F /* AppDelegate.m in Sources */,
			);
			runOnlyForDeploymentPostprocessing = 0;
		};
		9F7A7281207C498E0053BE7F /* Sources */ = {
			isa = PBXSourcesBuildPhase;
			buildActionMask = 2147483647;
			files = (
				9F7A728A207C498E0053BE7F /* SJLineChartDemoTests.m in Sources */,
			);
			runOnlyForDeploymentPostprocessing = 0;
		};
		9F7A728C207C498E0053BE7F /* Sources */ = {
			isa = PBXSourcesBuildPhase;
			buildActionMask = 2147483647;
			files = (
				9F7A7295207C498E0053BE7F /* SJLineChartDemoUITests.m in Sources */,
			);
			runOnlyForDeploymentPostprocessing = 0;
		};
/* End PBXSourcesBuildPhase section */

/* Begin PBXTargetDependency section */
		9F7A7287207C498E0053BE7F /* PBXTargetDependency */ = {
			isa = PBXTargetDependency;
			target = 9F7A726C207C498C0053BE7F /* SJLineChartDemo */;
			targetProxy = 9F7A7286207C498E0053BE7F /* PBXContainerItemProxy */;
		};
		9F7A7292207C498E0053BE7F /* PBXTargetDependency */ = {
			isa = PBXTargetDependency;
			target = 9F7A726C207C498C0053BE7F /* SJLineChartDemo */;
			targetProxy = 9F7A7291207C498E0053BE7F /* PBXContainerItemProxy */;
		};
/* End PBXTargetDependency section */

/* Begin PBXVariantGroup section */
		9F7A7276207C498C0053BE7F /* Main.storyboard */ = {
			isa = PBXVariantGroup;
			children = (
				9F7A7277207C498C0053BE7F /* Base */,
			);
			name = Main.storyboard;
			sourceTree = "<group>";
		};
		9F7A727B207C498E0053BE7F /* LaunchScreen.storyboard */ = {
			isa = PBXVariantGroup;
			children = (
				9F7A727C207C498E0053BE7F /* Base */,
			);
			name = LaunchScreen.storyboard;
			sourceTree = "<group>";
		};
/* End PBXVariantGroup section */

/* Begin XCBuildConfiguration section */
		9F7A7297207C498F0053BE7F /* Debug */ = {
			isa = XCBuildConfiguration;
			buildSettings = {
				ALWAYS_SEARCH_USER_PATHS = NO;
				CLANG_ANALYZER_NONNULL = YES;
				CLANG_ANALYZER_NUMBER_OBJECT_CONVERSION = YES_AGGRESSIVE;
				CLANG_CXX_LANGUAGE_STANDARD = "gnu++14";
				CLANG_CXX_LIBRARY = "libc++";
				CLANG_ENABLE_MODULES = YES;
				CLANG_ENABLE_OBJC_ARC = YES;
				CLANG_ENABLE_OBJC_WEAK = YES;
				CLANG_WARN_BLOCK_CAPTURE_AUTORELEASING = YES;
				CLANG_WARN_BOOL_CONVERSION = YES;
				CLANG_WARN_COMMA = YES;
				CLANG_WARN_CONSTANT_CONVERSION = YES;
				CLANG_WARN_DEPRECATED_OBJC_IMPLEMENTATIONS = YES;
				CLANG_WARN_DIRECT_OBJC_ISA_USAGE = YES_ERROR;
				CLANG_WARN_DOCUMENTATION_COMMENTS = YES;
				CLANG_WARN_EMPTY_BODY = YES;
				CLANG_WARN_ENUM_CONVERSION = YES;
				CLANG_WARN_INFINITE_RECURSION = YES;
				CLANG_WARN_INT_CONVERSION = YES;
				CLANG_WARN_NON_LITERAL_NULL_CONVERSION = YES;
				CLANG_WARN_OBJC_IMPLICIT_RETAIN_SELF = YES;
				CLANG_WARN_OBJC_LITERAL_CONVERSION = YES;
				CLANG_WARN_OBJC_ROOT_CLASS = YES_ERROR;
				CLANG_WARN_RANGE_LOOP_ANALYSIS = YES;
				CLANG_WARN_STRICT_PROTOTYPES = YES;
				CLANG_WARN_SUSPICIOUS_MOVE = YES;
				CLANG_WARN_UNGUARDED_AVAILABILITY = YES_AGGRESSIVE;
				CLANG_WARN_UNREACHABLE_CODE = YES;
				CLANG_WARN__DUPLICATE_METHOD_MATCH = YES;
				CODE_SIGN_IDENTITY = "iPhone Developer";
				COPY_PHASE_STRIP = NO;
				DEBUG_INFORMATION_FORMAT = dwarf;
				ENABLE_STRICT_OBJC_MSGSEND = YES;
				ENABLE_TESTABILITY = YES;
				GCC_C_LANGUAGE_STANDARD = gnu11;
				GCC_DYNAMIC_NO_PIC = NO;
				GCC_NO_COMMON_BLOCKS = YES;
				GCC_OPTIMIZATION_LEVEL = 0;
				GCC_PREPROCESSOR_DEFINITIONS = (
					"DEBUG=1",
					"$(inherited)",
				);
				GCC_WARN_64_TO_32_BIT_CONVERSION = YES;
				GCC_WARN_ABOUT_RETURN_TYPE = YES_ERROR;
				GCC_WARN_UNDECLARED_SELECTOR = YES;
				GCC_WARN_UNINITIALIZED_AUTOS = YES_AGGRESSIVE;
				GCC_WARN_UNUSED_FUNCTION = YES;
				GCC_WARN_UNUSED_VARIABLE = YES;
				IPHONEOS_DEPLOYMENT_TARGET = 11.3;
				MTL_ENABLE_DEBUG_INFO = YES;
				ONLY_ACTIVE_ARCH = YES;
				SDKROOT = iphoneos;
			};
			name = Debug;
		};
		9F7A7298207C498F0053BE7F /* Release */ = {
			isa = XCBuildConfiguration;
			buildSettings = {
				ALWAYS_SEARCH_USER_PATHS = NO;
				CLANG_ANALYZER_NONNULL = YES;
				CLANG_ANALYZER_NUMBER_OBJECT_CONVERSION = YES_AGGRESSIVE;
				CLANG_CXX_LANGUAGE_STANDARD = "gnu++14";
				CLANG_CXX_LIBRARY = "libc++";
				CLANG_ENABLE_MODULES = YES;
				CLANG_ENABLE_OBJC_ARC = YES;
				CLANG_ENABLE_OBJC_WEAK = YES;
				CLANG_WARN_BLOCK_CAPTURE_AUTORELEASING = YES;
				CLANG_WARN_BOOL_CONVERSION = YES;
				CLANG_WARN_COMMA = YES;
				CLANG_WARN_CONSTANT_CONVERSION = YES;
				CLANG_WARN_DEPRECATED_OBJC_IMPLEMENTATIONS = YES;
				CLANG_WARN_DIRECT_OBJC_ISA_USAGE = YES_ERROR;
				CLANG_WARN_DOCUMENTATION_COMMENTS = YES;
				CLANG_WARN_EMPTY_BODY = YES;
				CLANG_WARN_ENUM_CONVERSION = YES;
				CLANG_WARN_INFINITE_RECURSION = YES;
				CLANG_WARN_INT_CONVERSION = YES;
				CLANG_WARN_NON_LITERAL_NULL_CONVERSION = YES;
				CLANG_WARN_OBJC_IMPLICIT_RETAIN_SELF = YES;
				CLANG_WARN_OBJC_LITERAL_CONVERSION = YES;
				CLANG_WARN_OBJC_ROOT_CLASS = YES_ERROR;
				CLANG_WARN_RANGE_LOOP_ANALYSIS = YES;
				CLANG_WARN_STRICT_PROTOTYPES = YES;
				CLANG_WARN_SUSPICIOUS_MOVE = YES;
				CLANG_WARN_UNGUARDED_AVAILABILITY = YES_AGGRESSIVE;
				CLANG_WARN_UNREACHABLE_CODE = YES;
				CLANG_WARN__DUPLICATE_METHOD_MATCH = YES;
				CODE_SIGN_IDENTITY = "iPhone Developer";
				COPY_PHASE_STRIP = NO;
				DEBUG_INFORMATION_FORMAT = "dwarf-with-dsym";
				ENABLE_NS_ASSERTIONS = NO;
				ENABLE_STRICT_OBJC_MSGSEND = YES;
				GCC_C_LANGUAGE_STANDARD = gnu11;
				GCC_NO_COMMON_BLOCKS = YES;
				GCC_WARN_64_TO_32_BIT_CONVERSION = YES;
				GCC_WARN_ABOUT_RETURN_TYPE = YES_ERROR;
				GCC_WARN_UNDECLARED_SELECTOR = YES;
				GCC_WARN_UNINITIALIZED_AUTOS = YES_AGGRESSIVE;
				GCC_WARN_UNUSED_FUNCTION = YES;
				GCC_WARN_UNUSED_VARIABLE = YES;
				IPHONEOS_DEPLOYMENT_TARGET = 11.3;
				MTL_ENABLE_DEBUG_INFO = NO;
				SDKROOT = iphoneos;
				VALIDATE_PRODUCT = YES;
			};
			name = Release;
		};
		9F7A729A207C498F0053BE7F /* Debug */ = {
			isa = XCBuildConfiguration;
			buildSettings = {
				ASSETCATALOG_COMPILER_APPICON_NAME = AppIcon;
				CODE_SIGN_STYLE = Automatic;
				DEVELOPMENT_TEAM = A26RT57CY4;
				INFOPLIST_FILE = SJLineChartDemo/Info.plist;
				LD_RUNPATH_SEARCH_PATHS = (
					"$(inherited)",
					"@executable_path/Frameworks",
				);
				PRODUCT_BUNDLE_IDENTIFIER = com.CLap.SJLineChartDemo;
				PRODUCT_NAME = "$(TARGET_NAME)";
				TARGETED_DEVICE_FAMILY = "1,2";
			};
			name = Debug;
		};
		9F7A729B207C498F0053BE7F /* Release */ = {
			isa = XCBuildConfiguration;
			buildSettings = {
				ASSETCATALOG_COMPILER_APPICON_NAME = AppIcon;
				CODE_SIGN_STYLE = Automatic;
				DEVELOPMENT_TEAM = A26RT57CY4;
				INFOPLIST_FILE = SJLineChartDemo/Info.plist;
				LD_RUNPATH_SEARCH_PATHS = (
					"$(inherited)",
					"@executable_path/Frameworks",
				);
				PRODUCT_BUNDLE_IDENTIFIER = com.CLap.SJLineChartDemo;
				PRODUCT_NAME = "$(TARGET_NAME)";
				TARGETED_DEVICE_FAMILY = "1,2";
			};
			name = Release;
		};
		9F7A729D207C498F0053BE7F /* Debug */ = {
			isa = XCBuildConfiguration;
			buildSettings = {
				BUNDLE_LOADER = "$(TEST_HOST)";
				CODE_SIGN_STYLE = Automatic;
				DEVELOPMENT_TEAM = A26RT57CY4;
				INFOPLIST_FILE = SJLineChartDemoTests/Info.plist;
				LD_RUNPATH_SEARCH_PATHS = (
					"$(inherited)",
					"@executable_path/Frameworks",
					"@loader_path/Frameworks",
				);
				PRODUCT_BUNDLE_IDENTIFIER = com.CLap.SJLineChartDemoTests;
				PRODUCT_NAME = "$(TARGET_NAME)";
				TARGETED_DEVICE_FAMILY = "1,2";
				TEST_HOST = "$(BUILT_PRODUCTS_DIR)/SJLineChartDemo.app/SJLineChartDemo";
			};
			name = Debug;
		};
		9F7A729E207C498F0053BE7F /* Release */ = {
			isa = XCBuildConfiguration;
			buildSettings = {
				BUNDLE_LOADER = "$(TEST_HOST)";
				CODE_SIGN_STYLE = Automatic;
				DEVELOPMENT_TEAM = A26RT57CY4;
				INFOPLIST_FILE = SJLineChartDemoTests/Info.plist;
				LD_RUNPATH_SEARCH_PATHS = (
					"$(inherited)",
					"@executable_path/Frameworks",
					"@loader_path/Frameworks",
				);
				PRODUCT_BUNDLE_IDENTIFIER = com.CLap.SJLineChartDemoTests;
				PRODUCT_NAME = "$(TARGET_NAME)";
				TARGETED_DEVICE_FAMILY = "1,2";
				TEST_HOST = "$(BUILT_PRODUCTS_DIR)/SJLineChartDemo.app/SJLineChartDemo";
			};
			name = Release;
		};
		9F7A72A0207C498F0053BE7F /* Debug */ = {
			isa = XCBuildConfiguration;
			buildSettings = {
				CODE_SIGN_STYLE = Automatic;
				DEVELOPMENT_TEAM = A26RT57CY4;
				INFOPLIST_FILE = SJLineChartDemoUITests/Info.plist;
				LD_RUNPATH_SEARCH_PATHS = (
					"$(inherited)",
					"@executable_path/Frameworks",
					"@loader_path/Frameworks",
				);
				PRODUCT_BUNDLE_IDENTIFIER = com.CLap.SJLineChartDemoUITests;
				PRODUCT_NAME = "$(TARGET_NAME)";
				TARGETED_DEVICE_FAMILY = "1,2";
				TEST_TARGET_NAME = SJLineChartDemo;
			};
			name = Debug;
		};
		9F7A72A1207C498F0053BE7F /* Release */ = {
			isa = XCBuildConfiguration;
			buildSettings = {
				CODE_SIGN_STYLE = Automatic;
				DEVELOPMENT_TEAM = A26RT57CY4;
				INFOPLIST_FILE = SJLineChartDemoUITests/Info.plist;
				LD_RUNPATH_SEARCH_PATHS = (
					"$(inherited)",
					"@executable_path/Frameworks",
					"@loader_path/Frameworks",
				);
				PRODUCT_BUNDLE_IDENTIFIER = com.CLap.SJLineChartDemoUITests;
				PRODUCT_NAME = "$(TARGET_NAME)";
				TARGETED_DEVICE_FAMILY = "1,2";
				TEST_TARGET_NAME = SJLineChartDemo;
			};
			name = Release;
		};
/* End XCBuildConfiguration section */

/* Begin XCConfigurationList section */
		9F7A7268207C498C0053BE7F /* Build configuration list for PBXProject "SJLineChartDemo" */ = {
			isa = XCConfigurationList;
			buildConfigurations = (
				9F7A7297207C498F0053BE7F /* Debug */,
				9F7A7298207C498F0053BE7F /* Release */,
			);
			defaultConfigurationIsVisible = 0;
			defaultConfigurationName = Release;
		};
		9F7A7299207C498F0053BE7F /* Build configuration list for PBXNativeTarget "SJLineChartDemo" */ = {
			isa = XCConfigurationList;
			buildConfigurations = (
				9F7A729A207C498F0053BE7F /* Debug */,
				9F7A729B207C498F0053BE7F /* Release */,
			);
			defaultConfigurationIsVisible = 0;
			defaultConfigurationName = Release;
		};
		9F7A729C207C498F0053BE7F /* Build configuration list for PBXNativeTarget "SJLineChartDemoTests" */ = {
			isa = XCConfigurationList;
			buildConfigurations = (
				9F7A729D207C498F0053BE7F /* Debug */,
				9F7A729E207C498F0053BE7F /* Release */,
			);
			defaultConfigurationIsVisible = 0;
			defaultConfigurationName = Release;
		};
		9F7A729F207C498F0053BE7F /* Build configuration list for PBXNativeTarget "SJLineChartDemoUITests" */ = {
			isa = XCConfigurationList;
			buildConfigurations = (
				9F7A72A0207C498F0053BE7F /* Debug */,
				9F7A72A1207C498F0053BE7F /* Release */,
			);
			defaultConfigurationIsVisible = 0;
			defaultConfigurationName = Release;
		};
/* End XCConfigurationList section */
	};
	rootObject = 9F7A7265207C498C0053BE7F /* Project object */;
}
